// !$*UTF8*$!
{
	archiveVersion = 1;
	classes = {
	};
	objectVersion = 56;
	objects = {

/* Begin PBXBuildFile section */
		733A70232BFE586900607737 /* VotingAppApp.swift in Sources */ = {isa = PBXBuildFile; fileRef = 733A70222BFE586900607737 /* VotingAppApp.swift */; };
		733A70252BFE586900607737 /* ContentView.swift in Sources */ = {isa = PBXBuildFile; fileRef = 733A70242BFE586900607737 /* ContentView.swift */; };
		733A70272BFE586A00607737 /* Assets.xcassets in Resources */ = {isa = PBXBuildFile; fileRef = 733A70262BFE586A00607737 /* Assets.xcassets */; };
		733A702A2BFE586A00607737 /* Preview Assets.xcassets in Resources */ = {isa = PBXBuildFile; fileRef = 733A70292BFE586A00607737 /* Preview Assets.xcassets */; };
		733A70342BFE586A00607737 /* VotingAppTests.swift in Sources */ = {isa = PBXBuildFile; fileRef = 733A70332BFE586A00607737 /* VotingAppTests.swift */; };
		733A703E2BFE586A00607737 /* VotingAppUITests.swift in Sources */ = {isa = PBXBuildFile; fileRef = 733A703D2BFE586A00607737 /* VotingAppUITests.swift */; };
		733A70402BFE586A00607737 /* VotingAppUITestsLaunchTests.swift in Sources */ = {isa = PBXBuildFile; fileRef = 733A703F2BFE586A00607737 /* VotingAppUITestsLaunchTests.swift */; };
/* End PBXBuildFile section */

/* Begin PBXContainerItemProxy section */
		733A70302BFE586A00607737 /* PBXContainerItemProxy */ = {
			isa = PBXContainerItemProxy;
			containerPortal = 733A70172BFE586900607737 /* Project object */;
			proxyType = 1;
			remoteGlobalIDString = 733A701E2BFE586900607737;
			remoteInfo = VotingApp;
		};
		733A703A2BFE586A00607737 /* PBXContainerItemProxy */ = {
			isa = PBXContainerItemProxy;
			containerPortal = 733A70172BFE586900607737 /* Project object */;
			proxyType = 1;
			remoteGlobalIDString = 733A701E2BFE586900607737;
			remoteInfo = VotingApp;
		};
/* End PBXContainerItemProxy section */

/* Begin PBXFileReference section */
		733A701F2BFE586900607737 /* VotingApp.app */ = {isa = PBXFileReference; explicitFileType = wrapper.application; includeInIndex = 0; path = VotingApp.app; sourceTree = BUILT_PRODUCTS_DIR; };
		733A70222BFE586900607737 /* VotingAppApp.swift */ = {isa = PBXFileReference; lastKnownFileType = sourcecode.swift; path = VotingAppApp.swift; sourceTree = "<group>"; };
		733A70242BFE586900607737 /* ContentView.swift */ = {isa = PBXFileReference; lastKnownFileType = sourcecode.swift; path = ContentView.swift; sourceTree = "<group>"; };
		733A70262BFE586A00607737 /* Assets.xcassets */ = {isa = PBXFileReference; lastKnownFileType = folder.assetcatalog; path = Assets.xcassets; sourceTree = "<group>"; };
		733A70292BFE586A00607737 /* Preview Assets.xcassets */ = {isa = PBXFileReference; lastKnownFileType = folder.assetcatalog; path = "Preview Assets.xcassets"; sourceTree = "<group>"; };
		733A702F2BFE586A00607737 /* VotingAppTests.xctest */ = {isa = PBXFileReference; explicitFileType = wrapper.cfbundle; includeInIndex = 0; path = VotingAppTests.xctest; sourceTree = BUILT_PRODUCTS_DIR; };
		733A70332BFE586A00607737 /* VotingAppTests.swift */ = {isa = PBXFileReference; lastKnownFileType = sourcecode.swift; path = VotingAppTests.swift; sourceTree = "<group>"; };
		733A70392BFE586A00607737 /* VotingAppUITests.xctest */ = {isa = PBXFileReference; explicitFileType = wrapper.cfbundle; includeInIndex = 0; path = VotingAppUITests.xctest; sourceTree = BUILT_PRODUCTS_DIR; };
		733A703D2BFE586A00607737 /* VotingAppUITests.swift */ = {isa = PBXFileReference; lastKnownFileType = sourcecode.swift; path = VotingAppUITests.swift; sourceTree = "<group>"; };
		733A703F2BFE586A00607737 /* VotingAppUITestsLaunchTests.swift */ = {isa = PBXFileReference; lastKnownFileType = sourcecode.swift; path = VotingAppUITestsLaunchTests.swift; sourceTree = "<group>"; };
/* End PBXFileReference section */

/* Begin PBXFrameworksBuildPhase section */
		733A701C2BFE586900607737 /* Frameworks */ = {
			isa = PBXFrameworksBuildPhase;
			buildActionMask = 2147483647;
			files = (
			);
			runOnlyForDeploymentPostprocessing = 0;
		};
		733A702C2BFE586A00607737 /* Frameworks */ = {
			isa = PBXFrameworksBuildPhase;
			buildActionMask = 2147483647;
			files = (
			);
			runOnlyForDeploymentPostprocessing = 0;
		};
		733A70362BFE586A00607737 /* Frameworks */ = {
			isa = PBXFrameworksBuildPhase;
			buildActionMask = 2147483647;
			files = (
			);
			runOnlyForDeploymentPostprocessing = 0;
		};
/* End PBXFrameworksBuildPhase section */

/* Begin PBXGroup section */
		733A70162BFE586900607737 = {
			isa = PBXGroup;
			children = (
				733A70212BFE586900607737 /* VotingApp */,
				733A70322BFE586A00607737 /* VotingAppTests */,
				733A703C2BFE586A00607737 /* VotingAppUITests */,
				733A70202BFE586900607737 /* Products */,
			);
			sourceTree = "<group>";
		};
		733A70202BFE586900607737 /* Products */ = {
			isa = PBXGroup;
			children = (
				733A701F2BFE586900607737 /* VotingApp.app */,
				733A702F2BFE586A00607737 /* VotingAppTests.xctest */,
				733A70392BFE586A00607737 /* VotingAppUITests.xctest */,
			);
			name = Products;
			sourceTree = "<group>";
		};
		733A70212BFE586900607737 /* VotingApp */ = {
			isa = PBXGroup;
			children = (
				733A70222BFE586900607737 /* VotingAppApp.swift */,
				733A70242BFE586900607737 /* ContentView.swift */,
				733A70262BFE586A00607737 /* Assets.xcassets */,
				733A70282BFE586A00607737 /* Preview Content */,
			);
			path = VotingApp;
			sourceTree = "<group>";
		};
		733A70282BFE586A00607737 /* Preview Content */ = {
			isa = PBXGroup;
			children = (
				733A70292BFE586A00607737 /* Preview Assets.xcassets */,
			);
			path = "Preview Content";
			sourceTree = "<group>";
		};
		733A70322BFE586A00607737 /* VotingAppTests */ = {
			isa = PBXGroup;
			children = (
				733A70332BFE586A00607737 /* VotingAppTests.swift */,
			);
			path = VotingAppTests;
			sourceTree = "<group>";
		};
		733A703C2BFE586A00607737 /* VotingAppUITests */ = {
			isa = PBXGroup;
			children = (
				733A703D2BFE586A00607737 /* VotingAppUITests.swift */,
				733A703F2BFE586A00607737 /* VotingAppUITestsLaunchTests.swift */,
			);
			path = VotingAppUITests;
			sourceTree = "<group>";
		};
/* End PBXGroup section */

/* Begin PBXNativeTarget section */
		733A701E2BFE586900607737 /* VotingApp */ = {
			isa = PBXNativeTarget;
			buildConfigurationList = 733A70432BFE586A00607737 /* Build configuration list for PBXNativeTarget "VotingApp" */;
			buildPhases = (
				733A701B2BFE586900607737 /* Sources */,
				733A701C2BFE586900607737 /* Frameworks */,
				733A701D2BFE586900607737 /* Resources */,
			);
			buildRules = (
			);
			dependencies = (
			);
			name = VotingApp;
			productName = VotingApp;
			productReference = 733A701F2BFE586900607737 /* VotingApp.app */;
			productType = "com.apple.product-type.application";
		};
		733A702E2BFE586A00607737 /* VotingAppTests */ = {
			isa = PBXNativeTarget;
			buildConfigurationList = 733A70462BFE586A00607737 /* Build configuration list for PBXNativeTarget "VotingAppTests" */;
			buildPhases = (
				733A702B2BFE586A00607737 /* Sources */,
				733A702C2BFE586A00607737 /* Frameworks */,
				733A702D2BFE586A00607737 /* Resources */,
			);
			buildRules = (
			);
			dependencies = (
				733A70312BFE586A00607737 /* PBXTargetDependency */,
			);
			name = VotingAppTests;
			productName = VotingAppTests;
			productReference = 733A702F2BFE586A00607737 /* VotingAppTests.xctest */;
			productType = "com.apple.product-type.bundle.unit-test";
		};
		733A70382BFE586A00607737 /* VotingAppUITests */ = {
			isa = PBXNativeTarget;
			buildConfigurationList = 733A70492BFE586A00607737 /* Build configuration list for PBXNativeTarget "VotingAppUITests" */;
			buildPhases = (
				733A70352BFE586A00607737 /* Sources */,
				733A70362BFE586A00607737 /* Frameworks */,
				733A70372BFE586A00607737 /* Resources */,
			);
			buildRules = (
			);
			dependencies = (
				733A703B2BFE586A00607737 /* PBXTargetDependency */,
			);
			name = VotingAppUITests;
			productName = VotingAppUITests;
			productReference = 733A70392BFE586A00607737 /* VotingAppUITests.xctest */;
			productType = "com.apple.product-type.bundle.ui-testing";
		};
/* End PBXNativeTarget section */

/* Begin PBXProject section */
		733A70172BFE586900607737 /* Project object */ = {
			isa = PBXProject;
			attributes = {
				BuildIndependentTargetsInParallel = 1;
				LastSwiftUpdateCheck = 1540;
				LastUpgradeCheck = 1540;
				TargetAttributes = {
					733A701E2BFE586900607737 = {
						CreatedOnToolsVersion = 15.4;
					};
					733A702E2BFE586A00607737 = {
						CreatedOnToolsVersion = 15.4;
						TestTargetID = 733A701E2BFE586900607737;
					};
					733A70382BFE586A00607737 = {
						CreatedOnToolsVersion = 15.4;
						TestTargetID = 733A701E2BFE586900607737;
					};
				};
			};
			buildConfigurationList = 733A701A2BFE586900607737 /* Build configuration list for PBXProject "VotingApp" */;
			compatibilityVersion = "Xcode 14.0";
			developmentRegion = en;
			hasScannedForEncodings = 0;
			knownRegions = (
				en,
				Base,
			);
			mainGroup = 733A70162BFE586900607737;
			productRefGroup = 733A70202BFE586900607737 /* Products */;
			projectDirPath = "";
			projectRoot = "";
			targets = (
				733A701E2BFE586900607737 /* VotingApp */,
				733A702E2BFE586A00607737 /* VotingAppTests */,
				733A70382BFE586A00607737 /* VotingAppUITests */,
			);
		};
/* End PBXProject section */

/* Begin PBXResourcesBuildPhase section */
		733A701D2BFE586900607737 /* Resources */ = {
			isa = PBXResourcesBuildPhase;
			buildActionMask = 2147483647;
			files = (
				733A702A2BFE586A00607737 /* Preview Assets.xcassets in Resources */,
				733A70272BFE586A00607737 /* Assets.xcassets in Resources */,
			);
			runOnlyForDeploymentPostprocessing = 0;
		};
		733A702D2BFE586A00607737 /* Resources */ = {
			isa = PBXResourcesBuildPhase;
			buildActionMask = 2147483647;
			files = (
			);
			runOnlyForDeploymentPostprocessing = 0;
		};
		733A70372BFE586A00607737 /* Resources */ = {
			isa = PBXResourcesBuildPhase;
			buildActionMask = 2147483647;
			files = (
			);
			runOnlyForDeploymentPostprocessing = 0;
		};
/* End PBXResourcesBuildPhase section */

/* Begin PBXSourcesBuildPhase section */
		733A701B2BFE586900607737 /* Sources */ = {
			isa = PBXSourcesBuildPhase;
			buildActionMask = 2147483647;
			files = (
				733A70252BFE586900607737 /* ContentView.swift in Sources */,
				733A70232BFE586900607737 /* VotingAppApp.swift in Sources */,
			);
			runOnlyForDeploymentPostprocessing = 0;
		};
		733A702B2BFE586A00607737 /* Sources */ = {
			isa = PBXSourcesBuildPhase;
			buildActionMask = 2147483647;
			files = (
				733A70342BFE586A00607737 /* VotingAppTests.swift in Sources */,
			);
			runOnlyForDeploymentPostprocessing = 0;
		};
		733A70352BFE586A00607737 /* Sources */ = {
			isa = PBXSourcesBuildPhase;
			buildActionMask = 2147483647;
			files = (
				733A703E2BFE586A00607737 /* VotingAppUITests.swift in Sources */,
				733A70402BFE586A00607737 /* VotingAppUITestsLaunchTests.swift in Sources */,
			);
			runOnlyForDeploymentPostprocessing = 0;
		};
/* End PBXSourcesBuildPhase section */

/* Begin PBXTargetDependency section */
		733A70312BFE586A00607737 /* PBXTargetDependency */ = {
			isa = PBXTargetDependency;
			target = 733A701E2BFE586900607737 /* VotingApp */;
			targetProxy = 733A70302BFE586A00607737 /* PBXContainerItemProxy */;
		};
		733A703B2BFE586A00607737 /* PBXTargetDependency */ = {
			isa = PBXTargetDependency;
			target = 733A701E2BFE586900607737 /* VotingApp */;
			targetProxy = 733A703A2BFE586A00607737 /* PBXContainerItemProxy */;
		};
/* End PBXTargetDependency section */

/* Begin XCBuildConfiguration section */
		733A70412BFE586A00607737 /* Debug */ = {
			isa = XCBuildConfiguration;
			buildSettings = {
				ALWAYS_SEARCH_USER_PATHS = NO;
				ASSETCATALOG_COMPILER_GENERATE_SWIFT_ASSET_SYMBOL_EXTENSIONS = YES;
				CLANG_ANALYZER_NONNULL = YES;
				CLANG_ANALYZER_NUMBER_OBJECT_CONVERSION = YES_AGGRESSIVE;
				CLANG_CXX_LANGUAGE_STANDARD = "gnu++20";
				CLANG_ENABLE_MODULES = YES;
				CLANG_ENABLE_OBJC_ARC = YES;
				CLANG_ENABLE_OBJC_WEAK = YES;
				CLANG_WARN_BLOCK_CAPTURE_AUTORELEASING = YES;
				CLANG_WARN_BOOL_CONVERSION = YES;
				CLANG_WARN_COMMA = YES;
				CLANG_WARN_CONSTANT_CONVERSION = YES;
				CLANG_WARN_DEPRECATED_OBJC_IMPLEMENTATIONS = YES;
				CLANG_WARN_DIRECT_OBJC_ISA_USAGE = YES_ERROR;
				CLANG_WARN_DOCUMENTATION_COMMENTS = YES;
				CLANG_WARN_EMPTY_BODY = YES;
				CLANG_WARN_ENUM_CONVERSION = YES;
				CLANG_WARN_INFINITE_RECURSION = YES;
				CLANG_WARN_INT_CONVERSION = YES;
				CLANG_WARN_NON_LITERAL_NULL_CONVERSION = YES;
				CLANG_WARN_OBJC_IMPLICIT_RETAIN_SELF = YES;
				CLANG_WARN_OBJC_LITERAL_CONVERSION = YES;
				CLANG_WARN_OBJC_ROOT_CLASS = YES_ERROR;
				CLANG_WARN_QUOTED_INCLUDE_IN_FRAMEWORK_HEADER = YES;
				CLANG_WARN_RANGE_LOOP_ANALYSIS = YES;
				CLANG_WARN_STRICT_PROTOTYPES = YES;
				CLANG_WARN_SUSPICIOUS_MOVE = YES;
				CLANG_WARN_UNGUARDED_AVAILABILITY = YES_AGGRESSIVE;
				CLANG_WARN_UNREACHABLE_CODE = YES;
				CLANG_WARN__DUPLICATE_METHOD_MATCH = YES;
				COPY_PHASE_STRIP = NO;
				DEBUG_INFORMATION_FORMAT = dwarf;
				ENABLE_STRICT_OBJC_MSGSEND = YES;
				ENABLE_TESTABILITY = YES;
				ENABLE_USER_SCRIPT_SANDBOXING = YES;
				GCC_C_LANGUAGE_STANDARD = gnu17;
				GCC_DYNAMIC_NO_PIC = NO;
				GCC_NO_COMMON_BLOCKS = YES;
				GCC_OPTIMIZATION_LEVEL = 0;
				GCC_PREPROCESSOR_DEFINITIONS = (
					"DEBUG=1",
					"$(inherited)",
				);
				GCC_WARN_64_TO_32_BIT_CONVERSION = YES;
				GCC_WARN_ABOUT_RETURN_TYPE = YES_ERROR;
				GCC_WARN_UNDECLARED_SELECTOR = YES;
				GCC_WARN_UNINITIALIZED_AUTOS = YES_AGGRESSIVE;
				GCC_WARN_UNUSED_FUNCTION = YES;
				GCC_WARN_UNUSED_VARIABLE = YES;
				IPHONEOS_DEPLOYMENT_TARGET = 17.5;
				LOCALIZATION_PREFERS_STRING_CATALOGS = YES;
				MTL_ENABLE_DEBUG_INFO = INCLUDE_SOURCE;
				MTL_FAST_MATH = YES;
				ONLY_ACTIVE_ARCH = YES;
				SDKROOT = iphoneos;
				SWIFT_ACTIVE_COMPILATION_CONDITIONS = "DEBUG $(inherited)";
				SWIFT_OPTIMIZATION_LEVEL = "-Onone";
			};
			name = Debug;
		};
		733A70422BFE586A00607737 /* Release */ = {
			isa = XCBuildConfiguration;
			buildSettings = {
				ALWAYS_SEARCH_USER_PATHS = NO;
				ASSETCATALOG_COMPILER_GENERATE_SWIFT_ASSET_SYMBOL_EXTENSIONS = YES;
				CLANG_ANALYZER_NONNULL = YES;
				CLANG_ANALYZER_NUMBER_OBJECT_CONVERSION = YES_AGGRESSIVE;
				CLANG_CXX_LANGUAGE_STANDARD = "gnu++20";
				CLANG_ENABLE_MODULES = YES;
				CLANG_ENABLE_OBJC_ARC = YES;
				CLANG_ENABLE_OBJC_WEAK = YES;
				CLANG_WARN_BLOCK_CAPTURE_AUTORELEASING = YES;
				CLANG_WARN_BOOL_CONVERSION = YES;
				CLANG_WARN_COMMA = YES;
				CLANG_WARN_CONSTANT_CONVERSION = YES;
				CLANG_WARN_DEPRECATED_OBJC_IMPLEMENTATIONS = YES;
				CLANG_WARN_DIRECT_OBJC_ISA_USAGE = YES_ERROR;
				CLANG_WARN_DOCUMENTATION_COMMENTS = YES;
				CLANG_WARN_EMPTY_BODY = YES;
				CLANG_WARN_ENUM_CONVERSION = YES;
				CLANG_WARN_INFINITE_RECURSION = YES;
				CLANG_WARN_INT_CONVERSION = YES;
				CLANG_WARN_NON_LITERAL_NULL_CONVERSION = YES;
				CLANG_WARN_OBJC_IMPLICIT_RETAIN_SELF = YES;
				CLANG_WARN_OBJC_LITERAL_CONVERSION = YES;
				CLANG_WARN_OBJC_ROOT_CLASS = YES_ERROR;
				CLANG_WARN_QUOTED_INCLUDE_IN_FRAMEWORK_HEADER = YES;
				CLANG_WARN_RANGE_LOOP_ANALYSIS = YES;
				CLANG_WARN_STRICT_PROTOTYPES = YES;
				CLANG_WARN_SUSPICIOUS_MOVE = YES;
				CLANG_WARN_UNGUARDED_AVAILABILITY = YES_AGGRESSIVE;
				CLANG_WARN_UNREACHABLE_CODE = YES;
				CLANG_WARN__DUPLICATE_METHOD_MATCH = YES;
				COPY_PHASE_STRIP = NO;
				DEBUG_INFORMATION_FORMAT = "dwarf-with-dsym";
				ENABLE_NS_ASSERTIONS = NO;
				ENABLE_STRICT_OBJC_MSGSEND = YES;
				ENABLE_USER_SCRIPT_SANDBOXING = YES;
				GCC_C_LANGUAGE_STANDARD = gnu17;
				GCC_NO_COMMON_BLOCKS = YES;
				GCC_WARN_64_TO_32_BIT_CONVERSION = YES;
				GCC_WARN_ABOUT_RETURN_TYPE = YES_ERROR;
				GCC_WARN_UNDECLARED_SELECTOR = YES;
				GCC_WARN_UNINITIALIZED_AUTOS = YES_AGGRESSIVE;
				GCC_WARN_UNUSED_FUNCTION = YES;
				GCC_WARN_UNUSED_VARIABLE = YES;
				IPHONEOS_DEPLOYMENT_TARGET = 17.5;
				LOCALIZATION_PREFERS_STRING_CATALOGS = YES;
				MTL_ENABLE_DEBUG_INFO = NO;
				MTL_FAST_MATH = YES;
				SDKROOT = iphoneos;
				SWIFT_COMPILATION_MODE = wholemodule;
				VALIDATE_PRODUCT = YES;
			};
			name = Release;
		};
		733A70442BFE586A00607737 /* Debug */ = {
			isa = XCBuildConfiguration;
			buildSettings = {
				ASSETCATALOG_COMPILER_APPICON_NAME = AppIcon;
				ASSETCATALOG_COMPILER_GLOBAL_ACCENT_COLOR_NAME = AccentColor;
				CODE_SIGN_STYLE = Automatic;
				CURRENT_PROJECT_VERSION = 1;
				DEVELOPMENT_ASSET_PATHS = "\"VotingApp/Preview Content\"";
				ENABLE_PREVIEWS = YES;
				GENERATE_INFOPLIST_FILE = YES;
				INFOPLIST_KEY_UIApplicationSceneManifest_Generation = YES;
				INFOPLIST_KEY_UIApplicationSupportsIndirectInputEvents = YES;
				INFOPLIST_KEY_UILaunchScreen_Generation = YES;
				INFOPLIST_KEY_UISupportedInterfaceOrientations_iPad = "UIInterfaceOrientationPortrait UIInterfaceOrientationPortraitUpsideDown UIInterfaceOrientationLandscapeLeft UIInterfaceOrientationLandscapeRight";
				INFOPLIST_KEY_UISupportedInterfaceOrientations_iPhone = "UIInterfaceOrientationPortrait UIInterfaceOrientationLandscapeLeft UIInterfaceOrientationLandscapeRight";
				LD_RUNPATH_SEARCH_PATHS = (
					"$(inherited)",
					"@executable_path/Frameworks",
				);
				MARKETING_VERSION = 1.0;
				PRODUCT_BUNDLE_IDENTIFIER = com.example.VotingApp;
				PRODUCT_NAME = "$(TARGET_NAME)";
				SWIFT_EMIT_LOC_STRINGS = YES;
				SWIFT_VERSION = 5.0;
				TARGETED_DEVICE_FAMILY = "1,2";
			};
			name = Debug;
		};
		733A70452BFE586A00607737 /* Release */ = {
			isa = XCBuildConfiguration;
			buildSettings = {
				ASSETCATALOG_COMPILER_APPICON_NAME = AppIcon;
				ASSETCATALOG_COMPILER_GLOBAL_ACCENT_COLOR_NAME = AccentColor;
				CODE_SIGN_STYLE = Automatic;
				CURRENT_PROJECT_VERSION = 1;
				DEVELOPMENT_ASSET_PATHS = "\"VotingApp/Preview Content\"";
				ENABLE_PREVIEWS = YES;
				GENERATE_INFOPLIST_FILE = YES;
				INFOPLIST_KEY_UIApplicationSceneManifest_Generation = YES;
				INFOPLIST_KEY_UIApplicationSupportsIndirectInputEvents = YES;
				INFOPLIST_KEY_UILaunchScreen_Generation = YES;
				INFOPLIST_KEY_UISupportedInterfaceOrientations_iPad = "UIInterfaceOrientationPortrait UIInterfaceOrientationPortraitUpsideDown UIInterfaceOrientationLandscapeLeft UIInterfaceOrientationLandscapeRight";
				INFOPLIST_KEY_UISupportedInterfaceOrientations_iPhone = "UIInterfaceOrientationPortrait UIInterfaceOrientationLandscapeLeft UIInterfaceOrientationLandscapeRight";
				LD_RUNPATH_SEARCH_PATHS = (
					"$(inherited)",
					"@executable_path/Frameworks",
				);
				MARKETING_VERSION = 1.0;
				PRODUCT_BUNDLE_IDENTIFIER = com.example.VotingApp;
				PRODUCT_NAME = "$(TARGET_NAME)";
				SWIFT_EMIT_LOC_STRINGS = YES;
				SWIFT_VERSION = 5.0;
				TARGETED_DEVICE_FAMILY = "1,2";
			};
			name = Release;
		};
		733A70472BFE586A00607737 /* Debug */ = {
			isa = XCBuildConfiguration;
			buildSettings = {
				ALWAYS_EMBED_SWIFT_STANDARD_LIBRARIES = YES;
				BUNDLE_LOADER = "$(TEST_HOST)";
				CODE_SIGN_STYLE = Automatic;
				CURRENT_PROJECT_VERSION = 1;
				GENERATE_INFOPLIST_FILE = YES;
				IPHONEOS_DEPLOYMENT_TARGET = 17.5;
				MARKETING_VERSION = 1.0;
				PRODUCT_BUNDLE_IDENTIFIER = com.example.VotingAppTests;
				PRODUCT_NAME = "$(TARGET_NAME)";
				SWIFT_EMIT_LOC_STRINGS = NO;
				SWIFT_VERSION = 5.0;
				TARGETED_DEVICE_FAMILY = "1,2";
				TEST_HOST = "$(BUILT_PRODUCTS_DIR)/VotingApp.app/$(BUNDLE_EXECUTABLE_FOLDER_PATH)/VotingApp";
			};
			name = Debug;
		};
		733A70482BFE586A00607737 /* Release */ = {
			isa = XCBuildConfiguration;
			buildSettings = {
				ALWAYS_EMBED_SWIFT_STANDARD_LIBRARIES = YES;
				BUNDLE_LOADER = "$(TEST_HOST)";
				CODE_SIGN_STYLE = Automatic;
				CURRENT_PROJECT_VERSION = 1;
				GENERATE_INFOPLIST_FILE = YES;
				IPHONEOS_DEPLOYMENT_TARGET = 17.5;
				MARKETING_VERSION = 1.0;
				PRODUCT_BUNDLE_IDENTIFIER = com.example.VotingAppTests;
				PRODUCT_NAME = "$(TARGET_NAME)";
				SWIFT_EMIT_LOC_STRINGS = NO;
				SWIFT_VERSION = 5.0;
				TARGETED_DEVICE_FAMILY = "1,2";
				TEST_HOST = "$(BUILT_PRODUCTS_DIR)/VotingApp.app/$(BUNDLE_EXECUTABLE_FOLDER_PATH)/VotingApp";
			};
			name = Release;
		};
		733A704A2BFE586A00607737 /* Debug */ = {
			isa = XCBuildConfiguration;
			buildSettings = {
				ALWAYS_EMBED_SWIFT_STANDARD_LIBRARIES = YES;
				CODE_SIGN_STYLE = Automatic;
				CURRENT_PROJECT_VERSION = 1;
				GENERATE_INFOPLIST_FILE = YES;
				MARKETING_VERSION = 1.0;
				PRODUCT_BUNDLE_IDENTIFIER = com.example.VotingAppUITests;
				PRODUCT_NAME = "$(TARGET_NAME)";
				SWIFT_EMIT_LOC_STRINGS = NO;
				SWIFT_VERSION = 5.0;
				TARGETED_DEVICE_FAMILY = "1,2";
				TEST_TARGET_NAME = VotingApp;
			};
			name = Debug;
		};
		733A704B2BFE586A00607737 /* Release */ = {
			isa = XCBuildConfiguration;
			buildSettings = {
				ALWAYS_EMBED_SWIFT_STANDARD_LIBRARIES = YES;
				CODE_SIGN_STYLE = Automatic;
				CURRENT_PROJECT_VERSION = 1;
				GENERATE_INFOPLIST_FILE = YES;
				MARKETING_VERSION = 1.0;
				PRODUCT_BUNDLE_IDENTIFIER = com.example.VotingAppUITests;
				PRODUCT_NAME = "$(TARGET_NAME)";
				SWIFT_EMIT_LOC_STRINGS = NO;
				SWIFT_VERSION = 5.0;
				TARGETED_DEVICE_FAMILY = "1,2";
				TEST_TARGET_NAME = VotingApp;
			};
			name = Release;
		};
/* End XCBuildConfiguration section */

/* Begin XCConfigurationList section */
		733A701A2BFE586900607737 /* Build configuration list for PBXProject "VotingApp" */ = {
			isa = XCConfigurationList;
			buildConfigurations = (
				733A70412BFE586A00607737 /* Debug */,
				733A70422BFE586A00607737 /* Release */,
			);
			defaultConfigurationIsVisible = 0;
			defaultConfigurationName = Release;
		};
		733A70432BFE586A00607737 /* Build configuration list for PBXNativeTarget "VotingApp" */ = {
			isa = XCConfigurationList;
			buildConfigurations = (
				733A70442BFE586A00607737 /* Debug */,
				733A70452BFE586A00607737 /* Release */,
			);
			defaultConfigurationIsVisible = 0;
			defaultConfigurationName = Release;
		};
		733A70462BFE586A00607737 /* Build configuration list for PBXNativeTarget "VotingAppTests" */ = {
			isa = XCConfigurationList;
			buildConfigurations = (
				733A70472BFE586A00607737 /* Debug */,
				733A70482BFE586A00607737 /* Release */,
			);
			defaultConfigurationIsVisible = 0;
			defaultConfigurationName = Release;
		};
		733A70492BFE586A00607737 /* Build configuration list for PBXNativeTarget "VotingAppUITests" */ = {
			isa = XCConfigurationList;
			buildConfigurations = (
				733A704A2BFE586A00607737 /* Debug */,
				733A704B2BFE586A00607737 /* Release */,
			);
			defaultConfigurationIsVisible = 0;
			defaultConfigurationName = Release;
		};
/* End XCConfigurationList section */
	};
	rootObject = 733A70172BFE586900607737 /* Project object */;
}
